
Microsoft Visual Studio Solution File, Format Version 12.00
# Visual Studio Version 16
VisualStudioVersion = 16.0.31424.327
MinimumVisualStudioVersion = 10.0.40219.1
Project("{FAE04EC0-301F-11D3-BF4B-00C04F79EFBC}") = "WinFormsApp05", "WinFormsApp05\WinFormsApp05.csproj", "{EF352D34-7F4D-4A8D-BE27-F971D2C1230C}"
EndProject
Global
	GlobalSection(SolutionConfigurationPlatforms) = preSolution
		Debug|Any CPU = Debug|Any CPU
		Release|Any CPU = Release|Any CPU
	EndGlobalSection
	GlobalSection(ProjectConfigurationPlatforms) = postSolution
		{EF352D34-7F4D-4A8D-BE27-F971D2C1230C}.Debug|Any CPU.ActiveCfg = Debug|Any CPU
		{EF352D34-7F4D-4A8D-BE27-F971D2C1230C}.Debug|Any CPU.Build.0 = Debug|Any CPU
		{EF352D34-7F4D-4A8D-BE27-F971D2C1230C}.Release|Any CPU.ActiveCfg = Release|Any CPU
		{EF352D34-7F4D-4A8D-BE27-F971D2C1230C}.Release|Any CPU.Build.0 = Release|Any CPU
	EndGlobalSection
	GlobalSection(SolutionProperties) = preSolution
		HideSolutionNode = FALSE
	EndGlobalSection
	GlobalSection(ExtensibilityGlobals) = postSolution
		SolutionGuid = {17BA38A2-CCD0-45C3-B842-13000F8754C7}
	EndGlobalSection
EndGlobal
