
Microsoft Visual Studio Solution File, Format Version 12.00
# Visual Studio Version 16
VisualStudioVersion = 16.0.31424.327
MinimumVisualStudioVersion = 10.0.40219.1
Project("{FAE04EC0-301F-11D3-BF4B-00C04F79EFBC}") = "WinFormsApp06", "WinFormsApp06\WinFormsApp06.csproj", "{AAE8A0D4-CBD1-4309-9650-902594D0F296}"
EndProject
Global
	GlobalSection(SolutionConfigurationPlatforms) = preSolution
		Debug|Any CPU = Debug|Any CPU
		Release|Any CPU = Release|Any CPU
	EndGlobalSection
	GlobalSection(ProjectConfigurationPlatforms) = postSolution
		{AAE8A0D4-CBD1-4309-9650-902594D0F296}.Debug|Any CPU.ActiveCfg = Debug|Any CPU
		{AAE8A0D4-CBD1-4309-9650-902594D0F296}.Debug|Any CPU.Build.0 = Debug|Any CPU
		{AAE8A0D4-CBD1-4309-9650-902594D0F296}.Release|Any CPU.ActiveCfg = Release|Any CPU
		{AAE8A0D4-CBD1-4309-9650-902594D0F296}.Release|Any CPU.Build.0 = Release|Any CPU
	EndGlobalSection
	GlobalSection(SolutionProperties) = preSolution
		HideSolutionNode = FALSE
	EndGlobalSection
	GlobalSection(ExtensibilityGlobals) = postSolution
		SolutionGuid = {538A4291-51BA-4E16-8F50-E78CC28D833D}
	EndGlobalSection
EndGlobal
